
Microsoft Visual Studio Solution File, Format Version 12.00
# Visual Studio Version 16
VisualStudioVersion = 16.0.28803.452
MinimumVisualStudioVersion = 10.0.40219.1
Project("{FAE04EC0-301F-11D3-BF4B-00C04F79EFBC}") = "ListBox", "ListBox\ListBox.csproj", "{93321F06-5606-4D6F-9F1D-29EE95F2DCAE}"
EndProject
Global
	GlobalSection(SolutionConfigurationPlatforms) = preSolution
		Debug|Any CPU = Debug|Any CPU
		Release|Any CPU = Release|Any CPU
	EndGlobalSection
	GlobalSection(ProjectConfigurationPlatforms) = postSolution
		{93321F06-5606-4D6F-9F1D-29EE95F2DCAE}.Debug|Any CPU.ActiveCfg = Debug|Any CPU
		{93321F06-5606-4D6F-9F1D-29EE95F2DCAE}.Debug|Any CPU.Build.0 = Debug|Any CPU
		{93321F06-5606-4D6F-9F1D-29EE95F2DCAE}.Release|Any CPU.ActiveCfg = Release|Any CPU
		{93321F06-5606-4D6F-9F1D-29EE95F2DCAE}.Release|Any CPU.Build.0 = Release|Any CPU
	EndGlobalSection
	GlobalSection(SolutionProperties) = preSolution
		HideSolutionNode = FALSE
	EndGlobalSection
	GlobalSection(ExtensibilityGlobals) = postSolution
		SolutionGuid = {7AB00F83-770C-48A2-AD1F-0EC592D63415}
	EndGlobalSection
EndGlobal
